
Microsoft Visual Studio Solution File, Format Version 12.00
# Visual Studio for Mac
Project("{FAE04EC0-301F-11D3-BF4B-00C04F79EFBC}") = "Assembly-CSharp", "Assembly-CSharp.csproj", "{6A5661D5-2EDE-2EF3-682C-E9760188B0D6}"
EndProject
Project("{FAE04EC0-301F-11D3-BF4B-00C04F79EFBC}") = "Assembly-CSharp-Editor", "Assembly-CSharp-Editor.csproj", "{564C476A-E65B-00E6-35C4-5CCBB74A8AF8}"
EndProject
Global
	GlobalSection(SolutionConfigurationPlatforms) = preSolution
		Debug|Any CPU = Debug|Any CPU
		Release|Any CPU = Release|Any CPU
	EndGlobalSection
	GlobalSection(ProjectConfigurationPlatforms) = postSolution
		{6A5661D5-2EDE-2EF3-682C-E9760188B0D6}.Debug|Any CPU.ActiveCfg = Debug|Any CPU
		{6A5661D5-2EDE-2EF3-682C-E9760188B0D6}.Debug|Any CPU.Build.0 = Debug|Any CPU
		{6A5661D5-2EDE-2EF3-682C-E9760188B0D6}.Release|Any CPU.ActiveCfg = Release|Any CPU
		{6A5661D5-2EDE-2EF3-682C-E9760188B0D6}.Release|Any CPU.Build.0 = Release|Any CPU
		{564C476A-E65B-00E6-35C4-5CCBB74A8AF8}.Debug|Any CPU.ActiveCfg = Debug|Any CPU
		{564C476A-E65B-00E6-35C4-5CCBB74A8AF8}.Debug|Any CPU.Build.0 = Debug|Any CPU
		{564C476A-E65B-00E6-35C4-5CCBB74A8AF8}.Release|Any CPU.ActiveCfg = Release|Any CPU
		{564C476A-E65B-00E6-35C4-5CCBB74A8AF8}.Release|Any CPU.Build.0 = Release|Any CPU
	EndGlobalSection
	GlobalSection(SolutionProperties) = preSolution
		HideSolutionNode = FALSE
	EndGlobalSection
EndGlobal
